#MicroXplorer Configuration settings - do not modify
Mcu.Family=STM32L4
VP_RTC_VS_RTC_Activate.Signal=RTC_VS_RTC_Activate
RCC.MSI_VALUE=4000000
SH.GPXTI1.0=GPIO_EXTI1
ProjectManager.MainLocation=Src
PA2.GPIO_PuPd=GPIO_PULLDOWN
SH.GPXTI5.0=GPIO_EXTI5
RTC.AlarmMaskHours-Alarm\ A=RTC_ALARMMASK_HOURS
RCC.PLLQoutputFreq_Value=16000000
ProjectManager.ProjectFileName=Lab_3.ioc
RCC.SAI1Freq_Value=4571428.571428572
RCC.CortexFreq_Value=4000000
NVIC.I2C1_EV_IRQn=true\:0\:0\:false\:false\:true\:true\:true
ProjectManager.KeepUserCode=true
Mcu.UserName=STM32L476VGTx
Mcu.PinsNb=11
ProjectManager.NoMain=false
RCC.PLLSAI1RoutputFreq_Value=16000000
PA3.GPIO_PuPd=GPIO_PULLDOWN
PA0.GPIO_Label=JOY_CENTER
ProjectManager.functionlistsort=1-MX_GPIO_Init-GPIO-false-HAL-true,2-SystemClock_Config-RCC-false-HAL-false,3-MX_I2C1_Init-I2C1-false-HAL-true,4-MX_RTC_Init-RTC-false-HAL-true
NVIC.EXTI3_IRQn=true\:0\:0\:false\:false\:true\:true\:true
VP_RTC_VS_RTC_Activate.Mode=RTC_Enabled
RTC.WeekDay=RTC_WEEKDAY_MONDAY
SH.GPXTI0.ConfNb=1
PA3.GPIOParameters=GPIO_PuPd,GPIO_Label
ProjectManager.DefaultFWLocation=true
RTC.AlarmMaskMinutes-Alarm\ A=RTC_ALARMMASK_MINUTES
VP_RTC_VS_RTC_Calendar.Signal=RTC_VS_RTC_Calendar
ProjectManager.DeletePrevious=true
RCC.VCOSAI2OutputFreq_Value=32000000
boardIOC=true
PA2.GPIOParameters=GPIO_PuPd,GPIO_Label
PinOutPanel.RotationAngle=0
VP_RTC_VS_RTC_Alarm_A_Intern.Mode=Alarm A
RCC.FamilyName=M
ProjectManager.StackSize=0x400
SH.GPXTI2.0=GPIO_EXTI2
RTC.Seconds_A-Alarm\ A=0
Mcu.IP4=SYS
NVIC.SVCall_IRQn=true\:0\:0\:false\:false\:true\:true\:false
Mcu.IP2=RCC
Mcu.IP3=RTC
Mcu.IP0=I2C1
NVIC.EXTI1_IRQn=true\:0\:0\:false\:false\:true\:true\:true
Mcu.IP1=NVIC
SH.GPXTI3.ConfNb=1
SH.GPXTI2.ConfNb=1
Mcu.UserConstants=
RCC.VCOSAI1OutputFreq_Value=32000000
ProjectManager.TargetToolchain=MDK-ARM V5.27
RTC.Year=0
Mcu.ThirdPartyNb=0
Mcu.IPNb=5
ProjectManager.PreviousToolchain=
PB6.Signal=I2C1_SCL
PB6.Mode=I2C
RTC.IPParameters=Alarm-Alarm A,Format,Hours,Minutes,WeekDay,Month,AlarmMaskDateWeekDay-Alarm A,AlarmMaskHours-Alarm A,AlarmMaskMinutes-Alarm A,AlarmMaskSeconds-Alarm A,Seconds_A-Alarm A,Year
Mcu.Pin6=PB7
RCC.SAI2Freq_Value=4571428.571428572
RTC.Format=RTC_FORMAT_BIN
Mcu.Pin7=VP_RTC_VS_RTC_Activate
ProjectManager.RegisterCallBack=
Mcu.Pin8=VP_RTC_VS_RTC_Calendar
Mcu.Pin9=VP_RTC_VS_RTC_Alarm_A_Intern
RCC.LSE_VALUE=32768
PA1.GPIO_PuPd=GPIO_PULLDOWN
PA1.Signal=GPXTI1
RCC.PREFETCH_ENABLE=1
RCC.PLLSAI1PoutputFreq_Value=4571428.571428572
Mcu.Pin0=PA0
Mcu.Pin1=PA1
GPIO.groupedBy=Group By Peripherals
Mcu.Pin2=PA2
Mcu.Pin3=PA3
Mcu.Pin4=PA5
Mcu.Pin5=PB6
RCC.PLLSAI2RoutputFreq_Value=16000000
PA5.Signal=GPXTI5
ProjectManager.ProjectBuild=false
RCC.HSE_VALUE=8000000
RTC.Minutes=30
NVIC.UsageFault_IRQn=true\:0\:0\:false\:false\:true\:true\:false
PA0.Locked=true
NVIC.DebugMonitor_IRQn=true\:0\:0\:false\:false\:true\:true\:false
board=STM32L476G-DISCO
SH.GPXTI3.0=GPIO_EXTI3
RCC.VCOOutputFreq_Value=32000000
NVIC.SysTick_IRQn=true\:0\:0\:false\:false\:true\:true\:true
RTC.AlarmMaskSeconds-Alarm\ A=RTC_ALARMMASK_SECONDS
ProjectManager.LastFirmware=true
ProjectManager.FirmwarePackage=STM32Cube FW_L4 V1.16.0
MxDb.Version=DB.6.0.0
RTC.Month=RTC_MONTH_NOVEMBER
PA1.GPIOParameters=GPIO_PuPd,GPIO_Label
ProjectManager.BackupPrevious=false
MxCube.Version=6.0.1
RCC.VCOInputFreq_Value=4000000
PA5.GPIO_PuPd=GPIO_PULLDOWN
RCC.PLLSAI1QoutputFreq_Value=16000000
File.Version=6
PA1.GPIO_Label=JOY_LEFT
VP_SYS_VS_Systick.Mode=SysTick
PB7.Signal=I2C1_SDA
NVIC.NonMaskableInt_IRQn=true\:0\:0\:false\:false\:true\:true\:false
RCC.PLLRCLKFreq_Value=16000000
NVIC.PendSV_IRQn=true\:0\:0\:false\:false\:true\:true\:false
ProjectManager.FreePins=false
NVIC.I2C1_ER_IRQn=true\:0\:0\:false\:false\:true\:true\:true
NVIC.RTC_Alarm_IRQn=true\:0\:0\:false\:false\:true\:true\:true
RCC.IPParameters=CortexFreq_Value,FamilyName,HSE_VALUE,HSI_VALUE,LSCOPinFreq_Value,LSE_VALUE,LSI_VALUE,MSI_VALUE,PLLPoutputFreq_Value,PLLQoutputFreq_Value,PLLRCLKFreq_Value,PLLSAI1PoutputFreq_Value,PLLSAI1QoutputFreq_Value,PLLSAI1RoutputFreq_Value,PLLSAI2PoutputFreq_Value,PLLSAI2RoutputFreq_Value,PREFETCH_ENABLE,SAI1Freq_Value,SAI2Freq_Value,VCOInputFreq_Value,VCOOutputFreq_Value,VCOSAI1OutputFreq_Value,VCOSAI2OutputFreq_Value
ProjectManager.AskForMigrate=true
Mcu.Name=STM32L476V(C-E-G)Tx
RTC.Alarm-Alarm\ A=RTC_ALARM_A
ProjectManager.HalAssertFull=false
PA2.Signal=GPXTI2
ProjectManager.ProjectName=Lab_3
ProjectManager.UnderRoot=false
PA0.Signal=GPXTI0
RTC.AlarmMaskDateWeekDay-Alarm\ A=RTC_ALARMMASK_DATEWEEKDAY
ProjectManager.CoupleFile=false
NVIC.EXTI0_IRQn=true\:0\:0\:false\:false\:true\:true\:true
RTC.Hours=9
Mcu.Package=LQFP100
PA1.Locked=true
PA3.Locked=true
PA5.Locked=true
PA5.GPIO_Label=JOY_DOWN
NVIC.ForceEnableDMAVector=true
RCC.PLLSAI2PoutputFreq_Value=4571428.571428572
KeepUserPlacement=false
NVIC.MemoryManagement_IRQn=true\:0\:0\:false\:false\:true\:true\:false
VP_RTC_VS_RTC_Alarm_A_Intern.Signal=RTC_VS_RTC_Alarm_A_Intern
ProjectManager.CompilerOptimize=6
ProjectManager.ToolChainLocation=
PA2.GPIO_Label=JOY_RIGHT
RCC.LSI_VALUE=32000
VP_SYS_VS_Systick.Signal=SYS_VS_Systick
PB7.Mode=I2C
SH.GPXTI0.0=GPIO_EXTI0
SH.GPXTI5.ConfNb=1
NVIC.EXTI9_5_IRQn=true\:0\:0\:false\:false\:true\:true\:true
RCC.LSCOPinFreq_Value=32000
VP_RTC_VS_RTC_Calendar.Mode=RTC_Calendar
ProjectManager.HeapSize=0x200
PA0.GPIOParameters=GPIO_Label
NVIC.HardFault_IRQn=true\:0\:0\:false\:false\:true\:true\:false
PA5.GPIOParameters=GPIO_PuPd,GPIO_Label
ProjectManager.ComputerToolchain=false
RCC.HSI_VALUE=16000000
NVIC.PriorityGroup=NVIC_PRIORITYGROUP_4
NVIC.EXTI2_IRQn=true\:0\:0\:false\:false\:true\:true\:true
RCC.PLLPoutputFreq_Value=4571428.571428572
Mcu.Pin10=VP_SYS_VS_Systick
NVIC.BusFault_IRQn=true\:0\:0\:false\:false\:true\:true\:false
SH.GPXTI1.ConfNb=1
ProjectManager.CustomerFirmwarePackage=
ProjectManager.DeviceId=STM32L476VGTx
ProjectManager.LibraryCopy=0
PA3.GPIO_Label=JOY_UP
PA3.Signal=GPXTI3
PA2.Locked=true
